
Microsoft Visual Studio Solution File, Format Version 12.00
# Visual Studio 2012
Project("{FAE04EC0-301F-11D3-BF4B-00C04F79EFBC}") = "Cards", "Cards\Cards.csproj", "{578C5064-3B53-465B-9CAF-C290F2F64630}"
EndProject
Project("{FAE04EC0-301F-11D3-BF4B-00C04F79EFBC}") = "Cards.Tests", "Cards.Tests\Cards.Tests.csproj", "{D0E6B902-0C7B-4602-8283-9A9805E5CA92}"
EndProject
Project("{FAE04EC0-301F-11D3-BF4B-00C04F79EFBC}") = "Literature", "Literature\Literature.csproj", "{E7CAD466-5B59-49B0-857E-01AFA4B32D72}"
EndProject
Project("{FAE04EC0-301F-11D3-BF4B-00C04F79EFBC}") = "Literature.Tests", "Literature.Tests\Literature.Tests.csproj", "{FF3B0866-0A2C-48C7-A5A4-598056DFE6C5}"
EndProject
Global
	GlobalSection(SolutionConfigurationPlatforms) = preSolution
		Debug|Any CPU = Debug|Any CPU
		Release|Any CPU = Release|Any CPU
	EndGlobalSection
	GlobalSection(ProjectConfigurationPlatforms) = postSolution
		{578C5064-3B53-465B-9CAF-C290F2F64630}.Debug|Any CPU.ActiveCfg = Debug|Any CPU
		{578C5064-3B53-465B-9CAF-C290F2F64630}.Debug|Any CPU.Build.0 = Debug|Any CPU
		{578C5064-3B53-465B-9CAF-C290F2F64630}.Release|Any CPU.ActiveCfg = Release|Any CPU
		{578C5064-3B53-465B-9CAF-C290F2F64630}.Release|Any CPU.Build.0 = Release|Any CPU
		{D0E6B902-0C7B-4602-8283-9A9805E5CA92}.Debug|Any CPU.ActiveCfg = Debug|Any CPU
		{D0E6B902-0C7B-4602-8283-9A9805E5CA92}.Debug|Any CPU.Build.0 = Debug|Any CPU
		{D0E6B902-0C7B-4602-8283-9A9805E5CA92}.Release|Any CPU.ActiveCfg = Release|Any CPU
		{D0E6B902-0C7B-4602-8283-9A9805E5CA92}.Release|Any CPU.Build.0 = Release|Any CPU
		{E7CAD466-5B59-49B0-857E-01AFA4B32D72}.Debug|Any CPU.ActiveCfg = Debug|Any CPU
		{E7CAD466-5B59-49B0-857E-01AFA4B32D72}.Debug|Any CPU.Build.0 = Debug|Any CPU
		{E7CAD466-5B59-49B0-857E-01AFA4B32D72}.Release|Any CPU.ActiveCfg = Release|Any CPU
		{E7CAD466-5B59-49B0-857E-01AFA4B32D72}.Release|Any CPU.Build.0 = Release|Any CPU
		{FF3B0866-0A2C-48C7-A5A4-598056DFE6C5}.Debug|Any CPU.ActiveCfg = Debug|Any CPU
		{FF3B0866-0A2C-48C7-A5A4-598056DFE6C5}.Debug|Any CPU.Build.0 = Debug|Any CPU
		{FF3B0866-0A2C-48C7-A5A4-598056DFE6C5}.Release|Any CPU.ActiveCfg = Release|Any CPU
		{FF3B0866-0A2C-48C7-A5A4-598056DFE6C5}.Release|Any CPU.Build.0 = Release|Any CPU
	EndGlobalSection
	GlobalSection(SolutionProperties) = preSolution
		HideSolutionNode = FALSE
	EndGlobalSection
EndGlobal
